
Microsoft Visual Studio Solution File, Format Version 12.00
# Visual Studio 15
VisualStudioVersion = 15.0.27004.2002
MinimumVisualStudioVersion = 10.0.40219.1
Project("{F184B08F-C81C-45F6-A57F-5ABD9991F28F}") = "5", "5\5.vbproj", "{E3E01324-E9BD-4E5E-8F3B-E203D0608368}"
EndProject
Global
	GlobalSection(SolutionConfigurationPlatforms) = preSolution
		Debug|Any CPU = Debug|Any CPU
		Release|Any CPU = Release|Any CPU
	EndGlobalSection
	GlobalSection(ProjectConfigurationPlatforms) = postSolution
		{E3E01324-E9BD-4E5E-8F3B-E203D0608368}.Debug|Any CPU.ActiveCfg = Debug|Any CPU
		{E3E01324-E9BD-4E5E-8F3B-E203D0608368}.Debug|Any CPU.Build.0 = Debug|Any CPU
		{E3E01324-E9BD-4E5E-8F3B-E203D0608368}.Release|Any CPU.ActiveCfg = Release|Any CPU
		{E3E01324-E9BD-4E5E-8F3B-E203D0608368}.Release|Any CPU.Build.0 = Release|Any CPU
	EndGlobalSection
	GlobalSection(SolutionProperties) = preSolution
		HideSolutionNode = FALSE
	EndGlobalSection
	GlobalSection(ExtensibilityGlobals) = postSolution
		SolutionGuid = {54BD46E6-ED0C-4F1C-9F52-DB784BFD0157}
	EndGlobalSection
EndGlobal
